
Microsoft Visual Studio Solution File, Format Version 12.00
# Visual Studio Version 17
VisualStudioVersion = 17.7.34221.43
MinimumVisualStudioVersion = 10.0.40219.1
Project("{2150E333-8FDC-42A3-9474-1A3956D46DE8}") = "src", "src", "{A34A5C28-ECBE-40AC-9264-DBDC33F68CF3}"
EndProject
Project("{2150E333-8FDC-42A3-9474-1A3956D46DE8}") = "API", "API", "{0FA4591E-302A-4039-9869-C44A2B0FFC26}"
EndProject
Project("{2150E333-8FDC-42A3-9474-1A3956D46DE8}") = "Core", "Core", "{257B5C3C-8221-4BC0-8588-F4C462603332}"
EndProject
Project("{2150E333-8FDC-42A3-9474-1A3956D46DE8}") = "Infrastructure", "Infrastructure", "{427597B3-77D5-4DEA-A961-B4393A593CB2}"
EndProject
Project("{2150E333-8FDC-42A3-9474-1A3956D46DE8}") = "UI", "UI", "{A386CC92-5856-4EFF-A9AF-F82AAB872945}"
EndProject
Project("{2150E333-8FDC-42A3-9474-1A3956D46DE8}") = "test", "test", "{E10498B9-6278-40F1-BB99-71E1EA3B59A6}"
EndProject
Project("{9A19103F-16F7-4668-BE54-9A1E7A4F7556}") = "CleanArchitecture.Domain", "CleanArchitecture.Domain\CleanArchitecture.Domain.csproj", "{F9AB5887-1260-4296-BC1F-D3D2EB03A143}"
EndProject
Project("{9A19103F-16F7-4668-BE54-9A1E7A4F7556}") = "CleanArchitecture.Application", "CleanArchitecture.Application\CleanArchitecture.Application.csproj", "{00100612-D7EB-405E-AB5A-4EA7EEA01215}"
EndProject
Project("{9A19103F-16F7-4668-BE54-9A1E7A4F7556}") = "CleanArchitecture.Persistence", "CleanArchitecture.Persistence\CleanArchitecture.Persistence.csproj", "{B72072F0-8E70-4EC2-A288-25254B54E788}"
EndProject
Global
	GlobalSection(SolutionConfigurationPlatforms) = preSolution
		Debug|Any CPU = Debug|Any CPU
		Release|Any CPU = Release|Any CPU
	EndGlobalSection
	GlobalSection(ProjectConfigurationPlatforms) = postSolution
		{F9AB5887-1260-4296-BC1F-D3D2EB03A143}.Debug|Any CPU.ActiveCfg = Debug|Any CPU
		{F9AB5887-1260-4296-BC1F-D3D2EB03A143}.Debug|Any CPU.Build.0 = Debug|Any CPU
		{F9AB5887-1260-4296-BC1F-D3D2EB03A143}.Release|Any CPU.ActiveCfg = Release|Any CPU
		{F9AB5887-1260-4296-BC1F-D3D2EB03A143}.Release|Any CPU.Build.0 = Release|Any CPU
		{00100612-D7EB-405E-AB5A-4EA7EEA01215}.Debug|Any CPU.ActiveCfg = Debug|Any CPU
		{00100612-D7EB-405E-AB5A-4EA7EEA01215}.Debug|Any CPU.Build.0 = Debug|Any CPU
		{00100612-D7EB-405E-AB5A-4EA7EEA01215}.Release|Any CPU.ActiveCfg = Release|Any CPU
		{00100612-D7EB-405E-AB5A-4EA7EEA01215}.Release|Any CPU.Build.0 = Release|Any CPU
		{B72072F0-8E70-4EC2-A288-25254B54E788}.Debug|Any CPU.ActiveCfg = Debug|Any CPU
		{B72072F0-8E70-4EC2-A288-25254B54E788}.Debug|Any CPU.Build.0 = Debug|Any CPU
		{B72072F0-8E70-4EC2-A288-25254B54E788}.Release|Any CPU.ActiveCfg = Release|Any CPU
		{B72072F0-8E70-4EC2-A288-25254B54E788}.Release|Any CPU.Build.0 = Release|Any CPU
	EndGlobalSection
	GlobalSection(SolutionProperties) = preSolution
		HideSolutionNode = FALSE
	EndGlobalSection
	GlobalSection(NestedProjects) = preSolution
		{0FA4591E-302A-4039-9869-C44A2B0FFC26} = {A34A5C28-ECBE-40AC-9264-DBDC33F68CF3}
		{257B5C3C-8221-4BC0-8588-F4C462603332} = {A34A5C28-ECBE-40AC-9264-DBDC33F68CF3}
		{427597B3-77D5-4DEA-A961-B4393A593CB2} = {A34A5C28-ECBE-40AC-9264-DBDC33F68CF3}
		{A386CC92-5856-4EFF-A9AF-F82AAB872945} = {A34A5C28-ECBE-40AC-9264-DBDC33F68CF3}
		{F9AB5887-1260-4296-BC1F-D3D2EB03A143} = {257B5C3C-8221-4BC0-8588-F4C462603332}
		{00100612-D7EB-405E-AB5A-4EA7EEA01215} = {257B5C3C-8221-4BC0-8588-F4C462603332}
		{B72072F0-8E70-4EC2-A288-25254B54E788} = {427597B3-77D5-4DEA-A961-B4393A593CB2}
	EndGlobalSection
	GlobalSection(ExtensibilityGlobals) = postSolution
		SolutionGuid = {A1146878-1C80-450A-8F35-FE2D314FD20F}
	EndGlobalSection
EndGlobal
